
Microsoft Visual Studio Solution File, Format Version 12.00
# Visual Studio Version 17
VisualStudioVersion = 17.7.34024.191
MinimumVisualStudioVersion = 10.0.40219.1
Project("{FAE04EC0-301F-11D3-BF4B-00C04F79EFBC}") = "Budapest", "Budapest\Budapest.csproj", "{BDEE5D70-0723-40F2-B71D-C5BA27A08EB9}"
EndProject
Global
	GlobalSection(SolutionConfigurationPlatforms) = preSolution
		Debug|Any CPU = Debug|Any CPU
		Release|Any CPU = Release|Any CPU
	EndGlobalSection
	GlobalSection(ProjectConfigurationPlatforms) = postSolution
		{BDEE5D70-0723-40F2-B71D-C5BA27A08EB9}.Debug|Any CPU.ActiveCfg = Debug|Any CPU
		{BDEE5D70-0723-40F2-B71D-C5BA27A08EB9}.Debug|Any CPU.Build.0 = Debug|Any CPU
		{BDEE5D70-0723-40F2-B71D-C5BA27A08EB9}.Release|Any CPU.ActiveCfg = Release|Any CPU
		{BDEE5D70-0723-40F2-B71D-C5BA27A08EB9}.Release|Any CPU.Build.0 = Release|Any CPU
	EndGlobalSection
	GlobalSection(SolutionProperties) = preSolution
		HideSolutionNode = FALSE
	EndGlobalSection
	GlobalSection(ExtensibilityGlobals) = postSolution
		SolutionGuid = {39CD038D-4901-4F36-BC77-F69571E91E99}
	EndGlobalSection
EndGlobal
